
Microsoft Visual Studio Solution File, Format Version 12.00
# Visual Studio Version 17
VisualStudioVersion = 17.13.35825.156
MinimumVisualStudioVersion = 10.0.40219.1
Project("{FAE04EC0-301F-11D3-BF4B-00C04F79EFBC}") = "GestaoAvaliacoes", "GestaoAvaliacoes.csproj", "{D5AA657C-2F7C-4B1A-980C-0CBC03DCC803}"
EndProject
Global
	GlobalSection(SolutionConfigurationPlatforms) = preSolution
		Debug|Any CPU = Debug|Any CPU
		Release|Any CPU = Release|Any CPU
	EndGlobalSection
	GlobalSection(ProjectConfigurationPlatforms) = postSolution
		{D5AA657C-2F7C-4B1A-980C-0CBC03DCC803}.Debug|Any CPU.ActiveCfg = Debug|Any CPU
		{D5AA657C-2F7C-4B1A-980C-0CBC03DCC803}.Debug|Any CPU.Build.0 = Debug|Any CPU
		{D5AA657C-2F7C-4B1A-980C-0CBC03DCC803}.Release|Any CPU.ActiveCfg = Release|Any CPU
		{D5AA657C-2F7C-4B1A-980C-0CBC03DCC803}.Release|Any CPU.Build.0 = Release|Any CPU
	EndGlobalSection
	GlobalSection(SolutionProperties) = preSolution
		HideSolutionNode = FALSE
	EndGlobalSection
	GlobalSection(ExtensibilityGlobals) = postSolution
		SolutionGuid = {57404927-086D-4BAB-8048-8C470BD6AFAD}
	EndGlobalSection
EndGlobal
